github.com/Jeffail/gabs v1.1.1 h1:V0uzR08Hj22EX8+8QMhyI9sX2hwRu+/RJhJUmnwda/E=
github.com/Jeffail/gabs v1.1.1/go.mod h1:6xMvQMK4k33lb7GUUpaAPh6nKMmemQeg5d4gn7/bOXc=
github.com/chuckpreslar/emission v0.0.0-20170206194824-a7ddd980baf9 h1:xz6Nv3zcwO2Lila35hcb0QloCQsc38Al13RNEzWRpX4=
github.com/chuckpreslar/emission v0.0.0-20170206194824-a7ddd980baf9/go.mod h1:2wSM9zJkl1UQEFZgSd68NfCgRz1VL1jzy/RjCg+ULrs=
github.com/davecgh/go-spew v1.1.1 h1:vj9j/u1bqnvCEfJOwUhtlOARqs3+rkHYY13jYWTU97c=
github.com/davecgh/go-spew v1.1.1/go.mod h1:J7Y8YcW2NihsgmVo/mv3lAwl/skON4iLHjSsI+c5H38=
github.com/elazarl/go-bindata-assetfs v1.0.0/go.mod h1:v+YaWX3bdea5J/mo8dSETolEo7R71Vk1u8bnjau5yw4=
github.com/gin-contrib/sse v0.0.0-20170109093832-22d885f9ecc7 h1:AzN37oI0cOS+cougNAV9szl6CVoj2RYwzS3DpUQNtlY=
github.com/gin-contrib/sse v0.0.0-20170109093832-22d885f9ecc7/go.mod h1:VJ0WA2NBN22VlZ2dKZQPAPnyWw5XTlK1KymzLKsr59s=
github.com/gin-contrib/static v0.0.0-20181225054800-cf5e10bbd933 h1:qDWtY954I/NLY7GcIHgBuJzmgZQf9DGJLIOC90fNgJ4=
github.com/gin-contrib/static v0.0.0-20181225054800-cf5e10bbd933/go.mod h1:c0Dn3Epmic//eHg5d4h6F0XcLhpwMCe4kpfgauEOy3k=
github.com/gin-gonic/gin v1.3.0 h1:kCmZyPklC0gVdL728E6Aj20uYBJV93nj/TkwBTKhFbs=
github.com/gin-gonic/gin v1.3.0/go.mod h1:7cKuhb5qV2ggCFctp2fJQ+ErvciLZrIeoOSOm6mUr7Y=
github.com/gofrs/uuid v3.1.0+incompatible h1:q2rtkjaKT4YEr6E1kamy0Ha4RtepWlQBedyHx0uzKwA=
github.com/gofrs/uuid v3.1.0+incompatible/go.mod h1:b2aQJv3Z4Fp6yNu3cdSllBxTCLRxnplIgP/c0N/04lM=
github.com/golang/protobuf v1.2.0 h1:P3YflyNX/ehuJFLhxviNdFxQPkGK5cDcApsge1SqnvM=
github.com/golang/protobuf v1.2.0/go.mod h1:6lQm79b+lXiMfvg/cZm0SGofjICqVBUtrP5yJMmIC1U=
github.com/gorilla/websocket v1.4.0 h1:WDFjx/TMzVgy9VdMMQi2K2Emtwi2QcUQsztZ/zLaH/Q=
github.com/gorilla/websocket v1.4.0/go.mod h1:E7qHFY5m1UJ88s3WnNqhKjPHQ0heANvMoAMk2YaljkQ=
github.com/joho/godotenv v1.3.0 h1:Zjp+RcGpHhGlrMbJzXTrZZPrWj+1vfm90La1wgB6Bhc=
github.com/joho/godotenv v1.3.0/go.mod h1:7hK45KPybAkOC6peb+G5yklZfMxEjkZhHbwpqxOKXbg=
github.com/json-iterator/go v1.1.5/go.mod h1:+SdeFBvtyEkXs7REEP0seUULqWtbJapLOCVDaaPEHmU=
github.com/mattn/go-isatty v0.0.4 h1:bnP0vzxcAdeI1zdubAl5PjU6zsERjGZb7raWodagDYs=
github.com/mattn/go-isatty v0.0.4/go.mod h1:M+lRXTBqGeGNdLjl/ufCoiOlB5xdOkqRJdNxMWT7Zi4=
github.com/modern-go/concurrent v0.0.0-20180306012644-bacd9c7ef1dd/go.mod h1:6dJC0mAP4ikYIbvyc7fijjWJddQyLn8Ig3JB5CqoB9Q=
github.com/modern-go/reflect2 v1.0.1/go.mod h1:bx2lNnkwVCuqBIxFjflWJWanXIb3RllmbCylyMrvgv0=
github.com/notedit/gstreamer-go v0.0.0-20181210120243-1e530a3eeb90 h1:v+w88yjsGTezEAd2W0QZaRcJvh53G5PjaMtA6fl8TIY=
github.com/notedit/gstreamer-go v0.0.0-20181210120243-1e530a3eeb90/go.mod h1:CGCLZR47aRzzEmup8uQcplfOdLqEtJjFihiu+A2aIZw=
github.com/notedit/gstreamer-go v0.0.0-20181227090742-6b91b2242cd6 h1:fFaNgR5gK4Ef4C6OxX+xp2jhgLZdD4EDqFWWyCMvzns=
github.com/notedit/gstreamer-go v0.0.0-20181227090742-6b91b2242cd6/go.mod h1:CGCLZR47aRzzEmup8uQcplfOdLqEtJjFihiu+A2aIZw=
github.com/notedit/gstreamer-go v0.0.0-20181227130428-6e962b0d13bc h1:u2FIzUiSBm5b4ALCBrYiJl9n5jUFRGkFqCC6/FZL8Fs=
github.com/notedit/gstreamer-go v0.0.0-20181227130428-6e962b0d13bc/go.mod h1:CGCLZR47aRzzEmup8uQcplfOdLqEtJjFihiu+A2aIZw=
github.com/notedit/gstreamer-go v0.3.0 h1:M4QvNk+fdeDSgjmtiWvH0jlLDt6Rl4/yX1DC/9LA2ck=
github.com/notedit/gstreamer-go v0.3.0/go.mod h1:CGCLZR47aRzzEmup8uQcplfOdLqEtJjFihiu+A2aIZw=
github.com/notedit/gstreamer-rtmp v0.0.0-20181203125803-118161fc1ea8 h1:NziKVYqEOlXg1IEOEb2VrBsybuEceDpI2sEGWpy5VsQ=
github.com/notedit/gstreamer-rtmp v0.0.0-20181203125803-118161fc1ea8/go.mod h1:29rZyet7mlIPMGC4Ol9kGLL9JRIpt0YbBmg1NUXM5NY=
github.com/notedit/gstreamer-rtmp v0.0.0-20181226050148-9295bf2f2ca8 h1:Bqzzyc2AnHdX87Yl1TTc2xsKCoKas8XsUZ16o2PhHgI=
github.com/notedit/gstreamer-rtmp v0.0.0-20181226050148-9295bf2f2ca8/go.mod h1:29rZyet7mlIPMGC4Ol9kGLL9JRIpt0YbBmg1NUXM5NY=
github.com/notedit/media-server-go v0.0.0-20181224045827-96ce049ca27b h1:xuazzDG0IZWZ2+bXyAER0f6cTzEYhDE7lnRfLMz1qD4=
github.com/notedit/media-server-go v0.0.0-20181224045827-96ce049ca27b/go.mod h1:a2tVGyH6IegghSpIrj03Y+kjr5jrYCEctNEFIloGrQc=
github.com/notedit/media-server-go v0.0.0-20181225131450-848d7ad1e602 h1:zCwPCOdKfbkNi6U8XzCiuicIzCCBaT+Ec8+YidPYcrg=
github.com/notedit/media-server-go v0.0.0-20181225131450-848d7ad1e602/go.mod h1:a2tVGyH6IegghSpIrj03Y+kjr5jrYCEctNEFIloGrQc=
github.com/notedit/media-server-go v0.0.0-20181225141712-7ecbee38d4af h1:NdNB62hwYF3Un7GMaiZ6cmCYU1MMdgYh7xKE1kk2Lxc=
github.com/notedit/media-server-go v0.0.0-20181225141712-7ecbee38d4af/go.mod h1:a2tVGyH6IegghSpIrj03Y+kjr5jrYCEctNEFIloGrQc=
github.com/notedit/media-server-go v0.0.0-20181225171359-ceed668d6b67 h1:hIdTzZEifDEr2HW2SxP97DVXbt2avAfT7oocAady6LI=
github.com/notedit/media-server-go v0.0.0-20181225171359-ceed668d6b67/go.mod h1:a2tVGyH6IegghSpIrj03Y+kjr5jrYCEctNEFIloGrQc=
github.com/notedit/media-server-go v0.0.0-20181227070639-d11380ec126e h1:r28wl3DUW5nGnLA2gZcPwNU67sL1drXFxSEjdNOAlCM=
github.com/notedit/media-server-go v0.0.0-20181227070639-d11380ec126e/go.mod h1:a2tVGyH6IegghSpIrj03Y+kjr5jrYCEctNEFIloGrQc=
github.com/notedit/media-server-go v0.1.2 h1:L6qBjjIvQuKUrmwGQweJueJwu5VHMbV0m7I6cKwZqKU=
github.com/notedit/media-server-go v0.1.2/go.mod h1:a2tVGyH6IegghSpIrj03Y+kjr5jrYCEctNEFIloGrQc=
github.com/notedit/rtmp-lib v0.0.1 h1:bezXVVCnyfefQYURECA//37cJ2RrAioIaiXC254iUT4=
github.com/notedit/rtmp-lib v0.0.1/go.mod h1:Ua4gNG+L57n+AkZfSrsV+VGoWDuOTd7eux+CBjGPeF0=
github.com/olahol/melody v0.0.0-20180227134253-7bd65910e5ab h1:2fsluM+sAZRIQtvloPaokkWWjV8strYfmXsDCtZMqt0=
github.com/olahol/melody v0.0.0-20180227134253-7bd65910e5ab/go.mod h1:3lo03f1jM3KFUG/rsujuLB1rBmlvIzVM3SCqbuHqsBU=
github.com/pions/dtls v1.0.2 h1:VOIp3whGooFWS4X0RBOXaykNORYr05yjs8mlNYqRc+4=
github.com/pions/dtls v1.0.2/go.mod h1:T22vu8VCOxNmIrbe3nnM1UdIo3m1Bx5CJNkHyehahLg=
github.com/pions/pkg v0.0.0-20181115215726-b60cd756f712 h1:ciXO7F7PusyAzW/EZJt01bETgfTxP/BIGoWQ15pBP54=
github.com/pions/pkg v0.0.0-20181115215726-b60cd756f712/go.mod h1:r9wKZs+Xxv2acLspex4CHQiIhFjGK1zGP+nUm/8klXA=
github.com/pions/webrtc v1.2.0 h1:U/UYMmhlVF9c1S2cfYZhR+frL0daetdP6yQnWOQzhJo=
github.com/pions/webrtc v1.2.0/go.mod h1:bih1dMY7qksVxZTG2XMjIA6J7D5b92+MJzXYe+G2kng=
github.com/pkg/errors v0.8.0 h1:WdK/asTD0HN+q6hsWO3/vpuAkAr+tw6aNJNDFFf0+qw=
github.com/pkg/errors v0.8.0/go.mod h1:bwawxfHBFNV+L2hUp1rHADufV3IMtnDRdf1r5NINEl0=
github.com/pmezard/go-difflib v1.0.0 h1:4DBwDE0NGyQoBHbLQYPwSUPoCMWR5BEzIk/f1lZbAQM=
github.com/pmezard/go-difflib v1.0.0/go.mod h1:iKH77koFhYxTK1pcRnkKkqfTogsbg7gZNVY4sRDYZ/4=
github.com/rsc/go-get-issue-11864 v0.0.0-20161206214246-2540876b4cc1 h1:8xHyUipRVZ4NSaSuqE5rTTM3QYnx1hypbykO8/hLgnw=
github.com/rsc/go-get-issue-11864 v0.0.0-20161206214246-2540876b4cc1/go.mod h1:JZZGjNckOVWC1ca/StBR+CkCd10b2EFsTIgSq1iKRCw=
github.com/sanity-io/litter v1.1.0 h1:BllcKWa3VbZmOZbDCoszYLk7zCsKHz5Beossi8SUcTc=
github.com/sanity-io/litter v1.1.0/go.mod h1:CJ0VCw2q4qKU7LaQr3n7UOSHzgEMgcGco7N/SkZQPjw=
github.com/stretchr/testify v1.2.2 h1:bSDNvY7ZPG5RlJ8otE/7V6gMiyenm9RtJ7IUVIAoJ1w=
github.com/stretchr/testify v1.2.2/go.mod h1:a8OnRcib4nhh0OaRAV+Yts87kKdq0PP7pXfy6kDkUVs=
github.com/ugorji/go/codec v0.0.0-20181209151446-772ced7fd4c2 h1:EICbibRW4JNKMcY+LsWmuwob+CRS1BmdRdjphAm9mH4=
github.com/ugorji/go/codec v0.0.0-20181209151446-772ced7fd4c2/go.mod h1:VFNgLljTbGfSG7qAOspJ7OScBnGdDN/yBr0sguwnwf0=
golang.org/x/crypto v0.0.0-20181203042331-505ab145d0a9 h1:mKdxBk7AujPs8kU4m80U72y/zjbZ3UcXC7dClwKbUI0=
golang.org/x/crypto v0.0.0-20181203042331-505ab145d0a9/go.mod h1:6SG95UA2DQfeDnfUPMdvaQW0Q7yPrPDi9nlGo2tz2b4=
golang.org/x/net v0.0.0-20181220203305-927f97764cc3 h1:eH6Eip3UpmR+yM/qI9Ijluzb1bNv/cAU/n+6l8tRSis=
golang.org/x/net v0.0.0-20181220203305-927f97764cc3/go.mod h1:mL1N/T3taQHkDXs73rZJwtUhF3w3ftmwwsq0BUmARs4=
golang.org/x/sync v0.0.0-20181221193216-37e7f081c4d4/go.mod h1:RxMgew5VJxzue5/jJTE5uejpjVlOe/izrB70Jof72aM=
golang.org/x/sys v0.0.0-20181221143128-b4a75ba826a6/go.mod h1:STP8DvDyc/dI5b8T5hshtkjS+E42TnysNCUPdjciGhY=
gopkg.in/check.v1 v0.0.0-20161208181325-20d25e280405/go.mod h1:Co6ibVJAznAaIkqp8huTwlJQCZ016jof/cbN4VW5Yz0=
gopkg.in/check.v1 v1.0.0-20180628173108-788fd7840127/go.mod h1:Co6ibVJAznAaIkqp8huTwlJQCZ016jof/cbN4VW5Yz0=
gopkg.in/go-playground/assert.v1 v1.2.1/go.mod h1:9RXL0bg/zibRAgZUYszZSwO/z8Y/a8bDuhia5mkpMnE=
gopkg.in/go-playground/validator.v8 v8.18.2 h1:lFB4DoMU6B626w8ny76MV7VX6W2VHct2GVOI3xgiMrQ=
gopkg.in/go-playground/validator.v8 v8.18.2/go.mod h1:RX2a/7Ha8BgOhfk7j780h4/u/RRjR0eouCJSH80/M2Y=
gopkg.in/yaml.v2 v2.2.2 h1:ZCJp+EgiOT7lHqUV2J862kp8Qj64Jo6az82+3Td9dZw=
gopkg.in/yaml.v2 v2.2.2/go.mod h1:hI93XBmqTisBFMUTm0b8Fm+jr3Dg1NNxqwp+5A1VGuI=
